<?xml version="1.0" encoding="UTF-8" standalone="yes" ?>
<CodeBlocks_project_file>
	<FileVersion major="1" minor="6" />
	<Project>
		<Option title="Sereda_task" />
		<Option pch_mode="2" />
		<Option compiler="gcc" />
		<Build>
			<Target title="Debug">
				<Option output="bin/Debug/Sereda_task" prefix_auto="1" extension_auto="1" />
				<Option object_output="obj/Debug/" />
				<Option type="1" />
				<Option compiler="gcc" />
				<Compiler>
					<Add option="-g" />
					<Add directory='&quot;C:/Users/SeredaBMTP/Desktop/BMTP_9/prj/ModulesSereda/ModulesSereda.h&quot;' />
				</Compiler>
				<Linker>
					<Add library='&quot;C:/Users/SeredaBMTP/Desktop/BMTP_9/prj/ModulesSereda/bin/Debug/libModulesSereda.a&quot;' />
				</Linker>
			</Target>
			<Target title="Release">
				<Option output="bin/Release/Sereda_task" prefix_auto="1" extension_auto="1" />
				<Option object_output="obj/Release/" />
				<Option type="1" />
				<Option compiler="gcc" />
				<Compiler>
					<Add option="-O2" />
				</Compiler>
				<Linker>
					<Add option="-s" />
				</Linker>
			</Target>
		</Build>
		<Compiler>
			<Add option="-Wall" />
			<Add option="-fexceptions" />
			<Add directory='&quot;C:/Users/SeredaBMTP/Desktop/BMTP_9/prj/ModulesSereda/ModulesSereda.h&quot;' />
		</Compiler>
		<Linker>
			<Add library='&quot;C:/Users/SeredaBMTP/Desktop/BMTP_9/prj/ModulesSereda/bin/Debug/libModulesSereda.a&quot;' />
		</Linker>
		<Unit filename="main.cpp" />
		<Extensions />
	</Project>
</CodeBlocks_project_file>
